
Microsoft Visual Studio Solution File, Format Version 12.00
# Visual Studio 15
Project("{FAE04EC0-301F-11D3-BF4B-00C04F79EFBC}") = "Unity.Timeline", "Unity.Timeline.csproj", "{E73C1913-FA4A-58C7-7817-0C189E8015EA}"
EndProject
Project("{FAE04EC0-301F-11D3-BF4B-00C04F79EFBC}") = "Unity.InputSystem", "Unity.InputSystem.csproj", "{E2F73CBE-00E7-F41E-6B47-43851D60AC89}"
EndProject
Project("{FAE04EC0-301F-11D3-BF4B-00C04F79EFBC}") = "Unity.ShaderGraph.Editor", "Unity.ShaderGraph.Editor.csproj", "{B938D71E-C073-68D0-F196-212C7467E83E}"
EndProject
Project("{FAE04EC0-301F-11D3-BF4B-00C04F79EFBC}") = "Unity.2D.Aseprite.Editor", "Unity.2D.Aseprite.Editor.csproj", "{5A7D6BE1-9649-7D32-6644-790010B7F27F}"
EndProject
Project("{FAE04EC0-301F-11D3-BF4B-00C04F79EFBC}") = "Unity.VisualScripting.Flow", "Unity.VisualScripting.Flow.csproj", "{21EB76AE-28DA-0A61-CD8D-00881AC41DA9}"
EndProject
Project("{FAE04EC0-301F-11D3-BF4B-00C04F79EFBC}") = "Unity.RenderPipelines.Universal.Runtime", "Unity.RenderPipelines.Universal.Runtime.csproj", "{CA4193FC-85B5-B377-2452-10B2BDEA8EE4}"
EndProject
Project("{FAE04EC0-301F-11D3-BF4B-00C04F79EFBC}") = "UnityEditor.UI", "UnityEditor.UI.csproj", "{08D162F8-4D8C-344D-0C2B-8A3A68CB884B}"
EndProject
Project("{FAE04EC0-301F-11D3-BF4B-00C04F79EFBC}") = "Unity.Timeline.Editor", "Unity.Timeline.Editor.csproj", "{CB6AB17B-59B6-6612-549A-3AC6367BDFB0}"
EndProject
Project("{FAE04EC0-301F-11D3-BF4B-00C04F79EFBC}") = "Unity.PlasticSCM.Editor", "Unity.PlasticSCM.Editor.csproj", "{95CAD5AC-0D05-FD27-1985-4734E4A305F8}"
EndProject
Project("{FAE04EC0-301F-11D3-BF4B-00C04F79EFBC}") = "Unity.RenderPipelines.Core.Runtime", "Unity.RenderPipelines.Core.Runtime.csproj", "{437013D2-D746-2A36-7B3A-D38D9D3050AF}"
EndProject
Project("{FAE04EC0-301F-11D3-BF4B-00C04F79EFBC}") = "Unity.Mathematics", "Unity.Mathematics.csproj", "{FFE95A55-3FDD-4921-EA36-86A48AFD6045}"
EndProject
Project("{FAE04EC0-301F-11D3-BF4B-00C04F79EFBC}") = "Unity.RenderPipelines.Core.Editor", "Unity.RenderPipelines.Core.Editor.csproj", "{3F7DA5A4-5001-BC1E-4E67-A61EF6631AB9}"
EndProject
Project("{FAE04EC0-301F-11D3-BF4B-00C04F79EFBC}") = "Unity.2D.Common.Path.Editor", "Unity.2D.Common.Path.Editor.csproj", "{81ADF1EF-6790-1FB1-8F73-9EBF9EBC1DC1}"
EndProject
Project("{FAE04EC0-301F-11D3-BF4B-00C04F79EFBC}") = "Unity.2D.Psdimporter.Editor", "Unity.2D.Psdimporter.Editor.csproj", "{D808D428-C2BE-C489-373A-7F9BADF01159}"
EndProject
Project("{FAE04EC0-301F-11D3-BF4B-00C04F79EFBC}") = "Unity.VisualScripting.Core.Editor", "Unity.VisualScripting.Core.Editor.csproj", "{EEB8C9DB-EF56-3996-62CB-101BA8C633E5}"
EndProject
Project("{FAE04EC0-301F-11D3-BF4B-00C04F79EFBC}") = "Unity.2D.IK.Runtime", "Unity.2D.IK.Runtime.csproj", "{E17D09BF-CB54-4A01-B697-5BD741DEC3A4}"
EndProject
Project("{FAE04EC0-301F-11D3-BF4B-00C04F79EFBC}") = "UnityEditor.TestRunner", "UnityEditor.TestRunner.csproj", "{6600CF4A-03FF-EF49-5C56-BF612255468A}"
EndProject
Project("{FAE04EC0-301F-11D3-BF4B-00C04F79EFBC}") = "Unity.RenderPipelines.Universal.Editor", "Unity.RenderPipelines.Universal.Editor.csproj", "{A1AFB166-B53B-77F0-E957-92EB29C55146}"
EndProject
Project("{FAE04EC0-301F-11D3-BF4B-00C04F79EFBC}") = "Unity.TextMeshPro.Editor", "Unity.TextMeshPro.Editor.csproj", "{1BFC5024-E7CF-6D45-2B37-C9B103AC9139}"
EndProject
Project("{FAE04EC0-301F-11D3-BF4B-00C04F79EFBC}") = "Unity.VisualScripting.Flow.Editor", "Unity.VisualScripting.Flow.Editor.csproj", "{E356504C-4FCA-3784-3B30-7FE4C8BC2648}"
EndProject
Project("{FAE04EC0-301F-11D3-BF4B-00C04F79EFBC}") = "UnityEngine.TestRunner", "UnityEngine.TestRunner.csproj", "{7CA06EA2-951F-9FB6-8D46-E743C049D818}"
EndProject
Project("{FAE04EC0-301F-11D3-BF4B-00C04F79EFBC}") = "Unity.VisualScripting.Core", "Unity.VisualScripting.Core.csproj", "{B21338AA-10F1-2636-38B9-70C0070FA85B}"
EndProject
Project("{FAE04EC0-301F-11D3-BF4B-00C04F79EFBC}") = "Unity.2D.Tilemap.Editor", "Unity.2D.Tilemap.Editor.csproj", "{123E46D7-BF20-E6D4-F657-797E0B0B3A4D}"
EndProject
Project("{FAE04EC0-301F-11D3-BF4B-00C04F79EFBC}") = "Unity.Searcher.Editor", "Unity.Searcher.Editor.csproj", "{9F3B8B62-5EA0-B7EA-4ABF-19F7316283DB}"
EndProject
Project("{FAE04EC0-301F-11D3-BF4B-00C04F79EFBC}") = "Unity.Burst", "Unity.Burst.csproj", "{A9A01450-1FF3-F6D4-EBA7-82CC8AFB41A7}"
EndProject
Project("{FAE04EC0-301F-11D3-BF4B-00C04F79EFBC}") = "PsdPlugin", "PsdPlugin.csproj", "{10B42B67-C783-886C-8453-4B87876E17B9}"
EndProject
Project("{FAE04EC0-301F-11D3-BF4B-00C04F79EFBC}") = "Unity.Collections", "Unity.Collections.csproj", "{532D0360-48E4-FDD3-EA3A-E65DE7076211}"
EndProject
Project("{FAE04EC0-301F-11D3-BF4B-00C04F79EFBC}") = "Cinemachine", "Cinemachine.csproj", "{B950F674-D1AB-4BFB-B94C-7CC9F999F5C8}"
EndProject
Project("{FAE04EC0-301F-11D3-BF4B-00C04F79EFBC}") = "Unity.2D.Animation.Editor", "Unity.2D.Animation.Editor.csproj", "{9B61CFAA-2648-2066-8C23-36F979137C9F}"
EndProject
Project("{FAE04EC0-301F-11D3-BF4B-00C04F79EFBC}") = "Unity.2D.SpriteShape.Editor", "Unity.2D.SpriteShape.Editor.csproj", "{1EBBD59C-6B33-F257-0122-188224501D10}"
EndProject
Project("{FAE04EC0-301F-11D3-BF4B-00C04F79EFBC}") = "Unity.VisualStudio.Editor", "Unity.VisualStudio.Editor.csproj", "{4C8FCC78-0659-8EDE-FCCF-70EE4944A271}"
EndProject
Project("{FAE04EC0-301F-11D3-BF4B-00C04F79EFBC}") = "PPv2URPConverters", "PPv2URPConverters.csproj", "{F57BB4E4-1533-F672-ECC3-F9BFC90CD8BB}"
EndProject
Project("{FAE04EC0-301F-11D3-BF4B-00C04F79EFBC}") = "Unity.Rider.Editor", "Unity.Rider.Editor.csproj", "{1B1EAE74-1019-115D-C79E-BBC675B8174B}"
EndProject
Project("{FAE04EC0-301F-11D3-BF4B-00C04F79EFBC}") = "Unity.InternalAPIEditorBridge.001", "Unity.InternalAPIEditorBridge.001.csproj", "{766FF4FF-BA2F-1D0F-28AD-0C5F4AA7E6A1}"
EndProject
Project("{FAE04EC0-301F-11D3-BF4B-00C04F79EFBC}") = "Unity.2D.SpriteShape.Runtime", "Unity.2D.SpriteShape.Runtime.csproj", "{E2A5BC42-7126-DA7A-2C2B-D4ADF18A999E}"
EndProject
Project("{FAE04EC0-301F-11D3-BF4B-00C04F79EFBC}") = "Unity.VisualScripting.State.Editor", "Unity.VisualScripting.State.Editor.csproj", "{4FDE9BC2-D175-00E9-61FD-4B360426978A}"
EndProject
Project("{FAE04EC0-301F-11D3-BF4B-00C04F79EFBC}") = "com.unity.cinemachine.editor", "com.unity.cinemachine.editor.csproj", "{90F20985-E205-E9DC-B7CA-D1814A23C47E}"
EndProject
Project("{FAE04EC0-301F-11D3-BF4B-00C04F79EFBC}") = "UnityEngine.UI", "UnityEngine.UI.csproj", "{409D42CB-7F3D-AC28-5146-DBAB8BB91E80}"
EndProject
Project("{FAE04EC0-301F-11D3-BF4B-00C04F79EFBC}") = "Unity.Burst.CodeGen", "Unity.Burst.CodeGen.csproj", "{A0A75180-A1CD-4F47-C6C8-DA14BE918C3C}"
EndProject
Project("{FAE04EC0-301F-11D3-BF4B-00C04F79EFBC}") = "Unity.RenderPipeline.Universal.ShaderLibrary", "Unity.RenderPipeline.Universal.ShaderLibrary.csproj", "{5A0C8E80-639F-A1B9-617E-59D4E5887E02}"
EndProject
Project("{FAE04EC0-301F-11D3-BF4B-00C04F79EFBC}") = "Unity.VisualScripting.State", "Unity.VisualScripting.State.csproj", "{AE5DC2A5-79CE-3EE4-79BA-C82BEAAC998D}"
EndProject
Project("{FAE04EC0-301F-11D3-BF4B-00C04F79EFBC}") = "Unity.TextMeshPro", "Unity.TextMeshPro.csproj", "{FDFD11DE-8EC4-02BC-9BB5-4540A3B324C9}"
EndProject
Project("{FAE04EC0-301F-11D3-BF4B-00C04F79EFBC}") = "Unity.2D.Tilemap.Extras.Editor", "Unity.2D.Tilemap.Extras.Editor.csproj", "{AA08DCD6-FBE1-03C4-D741-635E2B594910}"
EndProject
Project("{FAE04EC0-301F-11D3-BF4B-00C04F79EFBC}") = "Unity.2D.Animation.Runtime", "Unity.2D.Animation.Runtime.csproj", "{67176610-0264-EA11-E32D-3C1CCB722255}"
EndProject
Project("{FAE04EC0-301F-11D3-BF4B-00C04F79EFBC}") = "Unity.VisualScripting.SettingsProvider.Editor", "Unity.VisualScripting.SettingsProvider.Editor.csproj", "{DD49112F-A755-4BFC-EC32-9249EF56B86C}"
EndProject
Project("{FAE04EC0-301F-11D3-BF4B-00C04F79EFBC}") = "Unity.2D.IK.Editor", "Unity.2D.IK.Editor.csproj", "{88176097-7B3D-6C97-EF11-8912097902E2}"
EndProject
Project("{FAE04EC0-301F-11D3-BF4B-00C04F79EFBC}") = "Unity.InternalAPIEngineBridge.001", "Unity.InternalAPIEngineBridge.001.csproj", "{4A90D2AF-3EF7-0EF9-D858-184F8925E007}"
EndProject
Project("{FAE04EC0-301F-11D3-BF4B-00C04F79EFBC}") = "Unity.2D.Aseprite.Common", "Unity.2D.Aseprite.Common.csproj", "{5124209A-8D95-F6E4-16C6-05CB1B772ECB}"
EndProject
Project("{FAE04EC0-301F-11D3-BF4B-00C04F79EFBC}") = "Unity.Burst.Editor", "Unity.Burst.Editor.csproj", "{5966C4FF-C98A-6505-CB11-6F180111890F}"
EndProject
Project("{FAE04EC0-301F-11D3-BF4B-00C04F79EFBC}") = "Unity.2D.Common.Editor", "Unity.2D.Common.Editor.csproj", "{86D3C807-528C-B666-9431-BFE95AC93CF8}"
EndProject
Project("{FAE04EC0-301F-11D3-BF4B-00C04F79EFBC}") = "Unity.2D.PixelPerfect", "Unity.2D.PixelPerfect.csproj", "{D4CCBE07-BAE6-7D5F-F3E7-B845FCCB5BD7}"
EndProject
Project("{FAE04EC0-301F-11D3-BF4B-00C04F79EFBC}") = "Assembly-CSharp", "Assembly-CSharp.csproj", "{EDC9F811-09DC-2643-DC64-05C21E98E1D2}"
EndProject
Project("{FAE04EC0-301F-11D3-BF4B-00C04F79EFBC}") = "Unity.2D.PixelPerfect.Editor", "Unity.2D.PixelPerfect.Editor.csproj", "{9681BBBB-2188-21B6-1979-3FB94CDA315F}"
EndProject
Project("{FAE04EC0-301F-11D3-BF4B-00C04F79EFBC}") = "Unity.2D.Common.Runtime", "Unity.2D.Common.Runtime.csproj", "{58DEBB0F-6D2D-92B1-71A3-89A4B16B7732}"
EndProject
Project("{FAE04EC0-301F-11D3-BF4B-00C04F79EFBC}") = "Unity.2D.Sprite.Editor", "Unity.2D.Sprite.Editor.csproj", "{A540D35D-D999-E535-6AAA-D8B9DC0FC105}"
EndProject
Project("{FAE04EC0-301F-11D3-BF4B-00C04F79EFBC}") = "Unity.InputSystem.ForUI", "Unity.InputSystem.ForUI.csproj", "{40089DCE-7029-82BB-BD6A-9F0C30E7FC18}"
EndProject
Project("{FAE04EC0-301F-11D3-BF4B-00C04F79EFBC}") = "Unity.Mathematics.Editor", "Unity.Mathematics.Editor.csproj", "{02BD8914-3589-1AEB-8E50-BEF171D7832C}"
EndProject
Project("{FAE04EC0-301F-11D3-BF4B-00C04F79EFBC}") = "Unity.2D.Tilemap.Extras", "Unity.2D.Tilemap.Extras.csproj", "{F30FF8EA-BE3C-408F-C1A3-2610454DBFBC}"
EndProject
Project("{FAE04EC0-301F-11D3-BF4B-00C04F79EFBC}") = "Unity.InputSystem.TestFramework", "Unity.InputSystem.TestFramework.csproj", "{C55CBD25-540C-40E2-17F1-FF89CDFEA2AA}"
EndProject
Project("{FAE04EC0-301F-11D3-BF4B-00C04F79EFBC}") = "Unity.InternalAPIEditorBridge.005", "Unity.InternalAPIEditorBridge.005.csproj", "{42DF51A6-5F73-C5C2-EDBC-1DC6ACCBCBB0}"
EndProject
Project("{FAE04EC0-301F-11D3-BF4B-00C04F79EFBC}") = "Unity.ShaderGraph.Utilities", "Unity.ShaderGraph.Utilities.csproj", "{33B1812D-BD5B-0E5B-60C3-58E07B424524}"
EndProject
Project("{FAE04EC0-301F-11D3-BF4B-00C04F79EFBC}") = "Unity.VisualScripting.Shared.Editor", "Unity.VisualScripting.Shared.Editor.csproj", "{779A12E9-8C0D-6BB9-1C3F-822DC311D2FF}"
EndProject
Project("{FAE04EC0-301F-11D3-BF4B-00C04F79EFBC}") = "Unity.Collections.DocCodeSamples", "Unity.Collections.DocCodeSamples.csproj", "{14A178F2-9F4F-3651-D818-2F8D77E495DD}"
EndProject
Project("{FAE04EC0-301F-11D3-BF4B-00C04F79EFBC}") = "Unity.Collections.BurstCompatibilityGen", "Unity.Collections.BurstCompatibilityGen.csproj", "{F0CF3AC7-7803-BF03-4AEF-16892F7973C6}"
EndProject
Project("{FAE04EC0-301F-11D3-BF4B-00C04F79EFBC}") = "Unity.CollabProxy.Editor", "Unity.CollabProxy.Editor.csproj", "{4715CCC1-5CAF-2F4E-7E3D-7C7CC984EBC9}"
EndProject
Project("{FAE04EC0-301F-11D3-BF4B-00C04F79EFBC}") = "Unity.RenderPipelines.ShaderGraph.ShaderGraphLibrary", "Unity.RenderPipelines.ShaderGraph.ShaderGraphLibrary.csproj", "{D778101E-9CC7-0084-C2C8-3E5C23893BC9}"
EndProject
Project("{FAE04EC0-301F-11D3-BF4B-00C04F79EFBC}") = "Unity.RenderPipelines.Core.ShaderLibrary", "Unity.RenderPipelines.Core.ShaderLibrary.csproj", "{DE11009C-044D-94D2-AFFA-4E4C1142CE81}"
EndProject
Project("{FAE04EC0-301F-11D3-BF4B-00C04F79EFBC}") = "Unity.RenderPipelines.Universal.Shaders", "Unity.RenderPipelines.Universal.Shaders.csproj", "{46E2DA8F-BC47-C32F-2D84-4E2B02D3F1BD}"
EndProject
Project("{FAE04EC0-301F-11D3-BF4B-00C04F79EFBC}") = "Unity.Timeline", "Unity.Timeline.Player.csproj", "{77935AB6-1B98-536B-1402-3AF5B3F20521}"
EndProject
Project("{FAE04EC0-301F-11D3-BF4B-00C04F79EFBC}") = "Unity.InputSystem", "Unity.InputSystem.Player.csproj", "{8BDB60B1-5B69-7B1C-8493-059306BD0E64}"
EndProject
Project("{FAE04EC0-301F-11D3-BF4B-00C04F79EFBC}") = "Unity.VisualScripting.Flow", "Unity.VisualScripting.Flow.Player.csproj", "{9FD5824B-424A-49BB-F4E3-705289959EB4}"
EndProject
Project("{FAE04EC0-301F-11D3-BF4B-00C04F79EFBC}") = "Unity.RenderPipelines.Universal.Runtime", "Unity.RenderPipelines.Universal.Runtime.Player.csproj", "{C6883B52-E0A3-9CA7-51E2-CAD17825B9D0}"
EndProject
Project("{FAE04EC0-301F-11D3-BF4B-00C04F79EFBC}") = "Unity.RenderPipelines.Core.Runtime", "Unity.RenderPipelines.Core.Runtime.Player.csproj", "{8C0B3D5A-71F4-550B-61DE-368DE217FFDB}"
EndProject
Project("{FAE04EC0-301F-11D3-BF4B-00C04F79EFBC}") = "Unity.Mathematics", "Unity.Mathematics.Player.csproj", "{3957503D-78FC-D3E2-1C50-46F26600E256}"
EndProject
Project("{FAE04EC0-301F-11D3-BF4B-00C04F79EFBC}") = "Unity.2D.IK.Runtime", "Unity.2D.IK.Runtime.Player.csproj", "{315D399C-A613-6AEC-5872-6894DCED2494}"
EndProject
Project("{FAE04EC0-301F-11D3-BF4B-00C04F79EFBC}") = "UnityEngine.TestRunner", "UnityEngine.TestRunner.Player.csproj", "{39E27C89-68E2-CD03-D075-7560A62C852A}"
EndProject
Project("{FAE04EC0-301F-11D3-BF4B-00C04F79EFBC}") = "Unity.VisualScripting.Core", "Unity.VisualScripting.Core.Player.csproj", "{730A956B-1018-7204-EE5F-D91FA6B9706B}"
EndProject
Project("{FAE04EC0-301F-11D3-BF4B-00C04F79EFBC}") = "Unity.Burst", "Unity.Burst.Player.csproj", "{5D8DDFA4-0252-A095-9647-9A3E228AFAB1}"
EndProject
Project("{FAE04EC0-301F-11D3-BF4B-00C04F79EFBC}") = "Unity.Collections", "Unity.Collections.Player.csproj", "{64F74260-288C-E355-081B-7C4BB5477F8D}"
EndProject
Project("{FAE04EC0-301F-11D3-BF4B-00C04F79EFBC}") = "Cinemachine", "Cinemachine.Player.csproj", "{4991EC86-0DA5-D1EB-C594-668E520F3F40}"
EndProject
Project("{FAE04EC0-301F-11D3-BF4B-00C04F79EFBC}") = "Unity.2D.SpriteShape.Runtime", "Unity.2D.SpriteShape.Runtime.Player.csproj", "{E4EF9BA2-8731-3B23-9614-C3468697FC14}"
EndProject
Project("{FAE04EC0-301F-11D3-BF4B-00C04F79EFBC}") = "UnityEngine.UI", "UnityEngine.UI.Player.csproj", "{A35ECC0B-0133-4F43-1CA4-FEB1B3D35044}"
EndProject
Project("{FAE04EC0-301F-11D3-BF4B-00C04F79EFBC}") = "Unity.RenderPipeline.Universal.ShaderLibrary", "Unity.RenderPipeline.Universal.ShaderLibrary.Player.csproj", "{724766A3-E7BA-5DBE-E0CC-36332CF17844}"
EndProject
Project("{FAE04EC0-301F-11D3-BF4B-00C04F79EFBC}") = "Unity.VisualScripting.State", "Unity.VisualScripting.State.Player.csproj", "{F3F54C09-A3D6-F908-46ED-EB64FDF7B617}"
EndProject
Project("{FAE04EC0-301F-11D3-BF4B-00C04F79EFBC}") = "Unity.TextMeshPro", "Unity.TextMeshPro.Player.csproj", "{497F236E-1599-68E0-587B-4189062DC99A}"
EndProject
Project("{FAE04EC0-301F-11D3-BF4B-00C04F79EFBC}") = "Unity.2D.Animation.Runtime", "Unity.2D.Animation.Runtime.Player.csproj", "{8622634C-9479-54E2-15BC-E385DC8E6917}"
EndProject
Project("{FAE04EC0-301F-11D3-BF4B-00C04F79EFBC}") = "Unity.InternalAPIEngineBridge.001", "Unity.InternalAPIEngineBridge.001.Player.csproj", "{783BBE65-5A23-0A0D-CEA1-75E0E4A9512A}"
EndProject
Project("{FAE04EC0-301F-11D3-BF4B-00C04F79EFBC}") = "Unity.2D.PixelPerfect", "Unity.2D.PixelPerfect.Player.csproj", "{6CB713B9-DDB2-7FD1-AA82-655FCFFFEE54}"
EndProject
Project("{FAE04EC0-301F-11D3-BF4B-00C04F79EFBC}") = "Assembly-CSharp", "Assembly-CSharp.Player.csproj", "{97EA364E-F2D6-535E-1859-0CA40CB05D97}"
EndProject
Project("{FAE04EC0-301F-11D3-BF4B-00C04F79EFBC}") = "Unity.2D.Common.Runtime", "Unity.2D.Common.Runtime.Player.csproj", "{C11E6C96-CEE7-1C8E-8125-5CE442299313}"
EndProject
Project("{FAE04EC0-301F-11D3-BF4B-00C04F79EFBC}") = "Unity.InputSystem.ForUI", "Unity.InputSystem.ForUI.Player.csproj", "{2ACAAB24-DF58-1335-2594-2C64AB38C524}"
EndProject
Project("{FAE04EC0-301F-11D3-BF4B-00C04F79EFBC}") = "Unity.2D.Tilemap.Extras", "Unity.2D.Tilemap.Extras.Player.csproj", "{428D1074-5D63-82B7-3F3A-044B8A6585B5}"
EndProject
Project("{FAE04EC0-301F-11D3-BF4B-00C04F79EFBC}") = "Unity.InputSystem.TestFramework", "Unity.InputSystem.TestFramework.Player.csproj", "{A92B564A-2BF0-3241-CDDC-03621868D730}"
EndProject
Project("{FAE04EC0-301F-11D3-BF4B-00C04F79EFBC}") = "Unity.RenderPipelines.ShaderGraph.ShaderGraphLibrary", "Unity.RenderPipelines.ShaderGraph.ShaderGraphLibrary.Player.csproj", "{6336059D-3793-737B-51E2-E9F92775E0B8}"
EndProject
Project("{FAE04EC0-301F-11D3-BF4B-00C04F79EFBC}") = "Unity.RenderPipelines.Core.ShaderLibrary", "Unity.RenderPipelines.Core.ShaderLibrary.Player.csproj", "{98415140-9488-70FC-2BA3-05BEEB95B3A1}"
EndProject
Project("{FAE04EC0-301F-11D3-BF4B-00C04F79EFBC}") = "Unity.RenderPipelines.Universal.Shaders", "Unity.RenderPipelines.Universal.Shaders.Player.csproj", "{C88F2F86-E649-2788-718D-7A6C66A35E3D}"
EndProject
Global
	GlobalSection(SolutionConfigurationPlatforms) = preSolution
		Debug|Any CPU = Debug|Any CPU
		Release|Any CPU = Release|Any CPU
	EndGlobalSection
	GlobalSection(ProjectConfigurationPlatforms) = postSolution
		{E73C1913-FA4A-58C7-7817-0C189E8015EA}.Debug|Any CPU.ActiveCfg = Debug|Any CPU
		{E73C1913-FA4A-58C7-7817-0C189E8015EA}.Debug|Any CPU.Build.0 = Debug|Any CPU
		{E73C1913-FA4A-58C7-7817-0C189E8015EA}.Release|Any CPU.ActiveCfg = Release|Any CPU
		{E73C1913-FA4A-58C7-7817-0C189E8015EA}.Release|Any CPU.Build.0 = Release|Any CPU
		{E2F73CBE-00E7-F41E-6B47-43851D60AC89}.Debug|Any CPU.ActiveCfg = Debug|Any CPU
		{E2F73CBE-00E7-F41E-6B47-43851D60AC89}.Debug|Any CPU.Build.0 = Debug|Any CPU
		{E2F73CBE-00E7-F41E-6B47-43851D60AC89}.Release|Any CPU.ActiveCfg = Release|Any CPU
		{E2F73CBE-00E7-F41E-6B47-43851D60AC89}.Release|Any CPU.Build.0 = Release|Any CPU
		{B938D71E-C073-68D0-F196-212C7467E83E}.Debug|Any CPU.ActiveCfg = Debug|Any CPU
		{B938D71E-C073-68D0-F196-212C7467E83E}.Debug|Any CPU.Build.0 = Debug|Any CPU
		{B938D71E-C073-68D0-F196-212C7467E83E}.Release|Any CPU.ActiveCfg = Release|Any CPU
		{B938D71E-C073-68D0-F196-212C7467E83E}.Release|Any CPU.Build.0 = Release|Any CPU
		{5A7D6BE1-9649-7D32-6644-790010B7F27F}.Debug|Any CPU.ActiveCfg = Debug|Any CPU
		{5A7D6BE1-9649-7D32-6644-790010B7F27F}.Debug|Any CPU.Build.0 = Debug|Any CPU
		{5A7D6BE1-9649-7D32-6644-790010B7F27F}.Release|Any CPU.ActiveCfg = Release|Any CPU
		{5A7D6BE1-9649-7D32-6644-790010B7F27F}.Release|Any CPU.Build.0 = Release|Any CPU
		{21EB76AE-28DA-0A61-CD8D-00881AC41DA9}.Debug|Any CPU.ActiveCfg = Debug|Any CPU
		{21EB76AE-28DA-0A61-CD8D-00881AC41DA9}.Debug|Any CPU.Build.0 = Debug|Any CPU
		{21EB76AE-28DA-0A61-CD8D-00881AC41DA9}.Release|Any CPU.ActiveCfg = Release|Any CPU
		{21EB76AE-28DA-0A61-CD8D-00881AC41DA9}.Release|Any CPU.Build.0 = Release|Any CPU
		{CA4193FC-85B5-B377-2452-10B2BDEA8EE4}.Debug|Any CPU.ActiveCfg = Debug|Any CPU
		{CA4193FC-85B5-B377-2452-10B2BDEA8EE4}.Debug|Any CPU.Build.0 = Debug|Any CPU
		{CA4193FC-85B5-B377-2452-10B2BDEA8EE4}.Release|Any CPU.ActiveCfg = Release|Any CPU
		{CA4193FC-85B5-B377-2452-10B2BDEA8EE4}.Release|Any CPU.Build.0 = Release|Any CPU
		{08D162F8-4D8C-344D-0C2B-8A3A68CB884B}.Debug|Any CPU.ActiveCfg = Debug|Any CPU
		{08D162F8-4D8C-344D-0C2B-8A3A68CB884B}.Debug|Any CPU.Build.0 = Debug|Any CPU
		{08D162F8-4D8C-344D-0C2B-8A3A68CB884B}.Release|Any CPU.ActiveCfg = Release|Any CPU
		{08D162F8-4D8C-344D-0C2B-8A3A68CB884B}.Release|Any CPU.Build.0 = Release|Any CPU
		{CB6AB17B-59B6-6612-549A-3AC6367BDFB0}.Debug|Any CPU.ActiveCfg = Debug|Any CPU
		{CB6AB17B-59B6-6612-549A-3AC6367BDFB0}.Debug|Any CPU.Build.0 = Debug|Any CPU
		{CB6AB17B-59B6-6612-549A-3AC6367BDFB0}.Release|Any CPU.ActiveCfg = Release|Any CPU
		{CB6AB17B-59B6-6612-549A-3AC6367BDFB0}.Release|Any CPU.Build.0 = Release|Any CPU
		{95CAD5AC-0D05-FD27-1985-4734E4A305F8}.Debug|Any CPU.ActiveCfg = Debug|Any CPU
		{95CAD5AC-0D05-FD27-1985-4734E4A305F8}.Debug|Any CPU.Build.0 = Debug|Any CPU
		{95CAD5AC-0D05-FD27-1985-4734E4A305F8}.Release|Any CPU.ActiveCfg = Release|Any CPU
		{95CAD5AC-0D05-FD27-1985-4734E4A305F8}.Release|Any CPU.Build.0 = Release|Any CPU
		{437013D2-D746-2A36-7B3A-D38D9D3050AF}.Debug|Any CPU.ActiveCfg = Debug|Any CPU
		{437013D2-D746-2A36-7B3A-D38D9D3050AF}.Debug|Any CPU.Build.0 = Debug|Any CPU
		{437013D2-D746-2A36-7B3A-D38D9D3050AF}.Release|Any CPU.ActiveCfg = Release|Any CPU
		{437013D2-D746-2A36-7B3A-D38D9D3050AF}.Release|Any CPU.Build.0 = Release|Any CPU
		{FFE95A55-3FDD-4921-EA36-86A48AFD6045}.Debug|Any CPU.ActiveCfg = Debug|Any CPU
		{FFE95A55-3FDD-4921-EA36-86A48AFD6045}.Debug|Any CPU.Build.0 = Debug|Any CPU
		{FFE95A55-3FDD-4921-EA36-86A48AFD6045}.Release|Any CPU.ActiveCfg = Release|Any CPU
		{FFE95A55-3FDD-4921-EA36-86A48AFD6045}.Release|Any CPU.Build.0 = Release|Any CPU
		{3F7DA5A4-5001-BC1E-4E67-A61EF6631AB9}.Debug|Any CPU.ActiveCfg = Debug|Any CPU
		{3F7DA5A4-5001-BC1E-4E67-A61EF6631AB9}.Debug|Any CPU.Build.0 = Debug|Any CPU
		{3F7DA5A4-5001-BC1E-4E67-A61EF6631AB9}.Release|Any CPU.ActiveCfg = Release|Any CPU
		{3F7DA5A4-5001-BC1E-4E67-A61EF6631AB9}.Release|Any CPU.Build.0 = Release|Any CPU
		{81ADF1EF-6790-1FB1-8F73-9EBF9EBC1DC1}.Debug|Any CPU.ActiveCfg = Debug|Any CPU
		{81ADF1EF-6790-1FB1-8F73-9EBF9EBC1DC1}.Debug|Any CPU.Build.0 = Debug|Any CPU
		{81ADF1EF-6790-1FB1-8F73-9EBF9EBC1DC1}.Release|Any CPU.ActiveCfg = Release|Any CPU
		{81ADF1EF-6790-1FB1-8F73-9EBF9EBC1DC1}.Release|Any CPU.Build.0 = Release|Any CPU
		{D808D428-C2BE-C489-373A-7F9BADF01159}.Debug|Any CPU.ActiveCfg = Debug|Any CPU
		{D808D428-C2BE-C489-373A-7F9BADF01159}.Debug|Any CPU.Build.0 = Debug|Any CPU
		{D808D428-C2BE-C489-373A-7F9BADF01159}.Release|Any CPU.ActiveCfg = Release|Any CPU
		{D808D428-C2BE-C489-373A-7F9BADF01159}.Release|Any CPU.Build.0 = Release|Any CPU
		{EEB8C9DB-EF56-3996-62CB-101BA8C633E5}.Debug|Any CPU.ActiveCfg = Debug|Any CPU
		{EEB8C9DB-EF56-3996-62CB-101BA8C633E5}.Debug|Any CPU.Build.0 = Debug|Any CPU
		{EEB8C9DB-EF56-3996-62CB-101BA8C633E5}.Release|Any CPU.ActiveCfg = Release|Any CPU
		{EEB8C9DB-EF56-3996-62CB-101BA8C633E5}.Release|Any CPU.Build.0 = Release|Any CPU
		{E17D09BF-CB54-4A01-B697-5BD741DEC3A4}.Debug|Any CPU.ActiveCfg = Debug|Any CPU
		{E17D09BF-CB54-4A01-B697-5BD741DEC3A4}.Debug|Any CPU.Build.0 = Debug|Any CPU
		{E17D09BF-CB54-4A01-B697-5BD741DEC3A4}.Release|Any CPU.ActiveCfg = Release|Any CPU
		{E17D09BF-CB54-4A01-B697-5BD741DEC3A4}.Release|Any CPU.Build.0 = Release|Any CPU
		{6600CF4A-03FF-EF49-5C56-BF612255468A}.Debug|Any CPU.ActiveCfg = Debug|Any CPU
		{6600CF4A-03FF-EF49-5C56-BF612255468A}.Debug|Any CPU.Build.0 = Debug|Any CPU
		{6600CF4A-03FF-EF49-5C56-BF612255468A}.Release|Any CPU.ActiveCfg = Release|Any CPU
		{6600CF4A-03FF-EF49-5C56-BF612255468A}.Release|Any CPU.Build.0 = Release|Any CPU
		{A1AFB166-B53B-77F0-E957-92EB29C55146}.Debug|Any CPU.ActiveCfg = Debug|Any CPU
		{A1AFB166-B53B-77F0-E957-92EB29C55146}.Debug|Any CPU.Build.0 = Debug|Any CPU
		{A1AFB166-B53B-77F0-E957-92EB29C55146}.Release|Any CPU.ActiveCfg = Release|Any CPU
		{A1AFB166-B53B-77F0-E957-92EB29C55146}.Release|Any CPU.Build.0 = Release|Any CPU
		{1BFC5024-E7CF-6D45-2B37-C9B103AC9139}.Debug|Any CPU.ActiveCfg = Debug|Any CPU
		{1BFC5024-E7CF-6D45-2B37-C9B103AC9139}.Debug|Any CPU.Build.0 = Debug|Any CPU
		{1BFC5024-E7CF-6D45-2B37-C9B103AC9139}.Release|Any CPU.ActiveCfg = Release|Any CPU
		{1BFC5024-E7CF-6D45-2B37-C9B103AC9139}.Release|Any CPU.Build.0 = Release|Any CPU
		{E356504C-4FCA-3784-3B30-7FE4C8BC2648}.Debug|Any CPU.ActiveCfg = Debug|Any CPU
		{E356504C-4FCA-3784-3B30-7FE4C8BC2648}.Debug|Any CPU.Build.0 = Debug|Any CPU
		{E356504C-4FCA-3784-3B30-7FE4C8BC2648}.Release|Any CPU.ActiveCfg = Release|Any CPU
		{E356504C-4FCA-3784-3B30-7FE4C8BC2648}.Release|Any CPU.Build.0 = Release|Any CPU
		{7CA06EA2-951F-9FB6-8D46-E743C049D818}.Debug|Any CPU.ActiveCfg = Debug|Any CPU
		{7CA06EA2-951F-9FB6-8D46-E743C049D818}.Debug|Any CPU.Build.0 = Debug|Any CPU
		{7CA06EA2-951F-9FB6-8D46-E743C049D818}.Release|Any CPU.ActiveCfg = Release|Any CPU
		{7CA06EA2-951F-9FB6-8D46-E743C049D818}.Release|Any CPU.Build.0 = Release|Any CPU
		{B21338AA-10F1-2636-38B9-70C0070FA85B}.Debug|Any CPU.ActiveCfg = Debug|Any CPU
		{B21338AA-10F1-2636-38B9-70C0070FA85B}.Debug|Any CPU.Build.0 = Debug|Any CPU
		{B21338AA-10F1-2636-38B9-70C0070FA85B}.Release|Any CPU.ActiveCfg = Release|Any CPU
		{B21338AA-10F1-2636-38B9-70C0070FA85B}.Release|Any CPU.Build.0 = Release|Any CPU
		{123E46D7-BF20-E6D4-F657-797E0B0B3A4D}.Debug|Any CPU.ActiveCfg = Debug|Any CPU
		{123E46D7-BF20-E6D4-F657-797E0B0B3A4D}.Debug|Any CPU.Build.0 = Debug|Any CPU
		{123E46D7-BF20-E6D4-F657-797E0B0B3A4D}.Release|Any CPU.ActiveCfg = Release|Any CPU
		{123E46D7-BF20-E6D4-F657-797E0B0B3A4D}.Release|Any CPU.Build.0 = Release|Any CPU
		{9F3B8B62-5EA0-B7EA-4ABF-19F7316283DB}.Debug|Any CPU.ActiveCfg = Debug|Any CPU
		{9F3B8B62-5EA0-B7EA-4ABF-19F7316283DB}.Debug|Any CPU.Build.0 = Debug|Any CPU
		{9F3B8B62-5EA0-B7EA-4ABF-19F7316283DB}.Release|Any CPU.ActiveCfg = Release|Any CPU
		{9F3B8B62-5EA0-B7EA-4ABF-19F7316283DB}.Release|Any CPU.Build.0 = Release|Any CPU
		{A9A01450-1FF3-F6D4-EBA7-82CC8AFB41A7}.Debug|Any CPU.ActiveCfg = Debug|Any CPU
		{A9A01450-1FF3-F6D4-EBA7-82CC8AFB41A7}.Debug|Any CPU.Build.0 = Debug|Any CPU
		{A9A01450-1FF3-F6D4-EBA7-82CC8AFB41A7}.Release|Any CPU.ActiveCfg = Release|Any CPU
		{A9A01450-1FF3-F6D4-EBA7-82CC8AFB41A7}.Release|Any CPU.Build.0 = Release|Any CPU
		{10B42B67-C783-886C-8453-4B87876E17B9}.Debug|Any CPU.ActiveCfg = Debug|Any CPU
		{10B42B67-C783-886C-8453-4B87876E17B9}.Debug|Any CPU.Build.0 = Debug|Any CPU
		{10B42B67-C783-886C-8453-4B87876E17B9}.Release|Any CPU.ActiveCfg = Release|Any CPU
		{10B42B67-C783-886C-8453-4B87876E17B9}.Release|Any CPU.Build.0 = Release|Any CPU
		{532D0360-48E4-FDD3-EA3A-E65DE7076211}.Debug|Any CPU.ActiveCfg = Debug|Any CPU
		{532D0360-48E4-FDD3-EA3A-E65DE7076211}.Debug|Any CPU.Build.0 = Debug|Any CPU
		{532D0360-48E4-FDD3-EA3A-E65DE7076211}.Release|Any CPU.ActiveCfg = Release|Any CPU
		{532D0360-48E4-FDD3-EA3A-E65DE7076211}.Release|Any CPU.Build.0 = Release|Any CPU
		{B950F674-D1AB-4BFB-B94C-7CC9F999F5C8}.Debug|Any CPU.ActiveCfg = Debug|Any CPU
		{B950F674-D1AB-4BFB-B94C-7CC9F999F5C8}.Debug|Any CPU.Build.0 = Debug|Any CPU
		{B950F674-D1AB-4BFB-B94C-7CC9F999F5C8}.Release|Any CPU.ActiveCfg = Release|Any CPU
		{B950F674-D1AB-4BFB-B94C-7CC9F999F5C8}.Release|Any CPU.Build.0 = Release|Any CPU
		{9B61CFAA-2648-2066-8C23-36F979137C9F}.Debug|Any CPU.ActiveCfg = Debug|Any CPU
		{9B61CFAA-2648-2066-8C23-36F979137C9F}.Debug|Any CPU.Build.0 = Debug|Any CPU
		{9B61CFAA-2648-2066-8C23-36F979137C9F}.Release|Any CPU.ActiveCfg = Release|Any CPU
		{9B61CFAA-2648-2066-8C23-36F979137C9F}.Release|Any CPU.Build.0 = Release|Any CPU
		{1EBBD59C-6B33-F257-0122-188224501D10}.Debug|Any CPU.ActiveCfg = Debug|Any CPU
		{1EBBD59C-6B33-F257-0122-188224501D10}.Debug|Any CPU.Build.0 = Debug|Any CPU
		{1EBBD59C-6B33-F257-0122-188224501D10}.Release|Any CPU.ActiveCfg = Release|Any CPU
		{1EBBD59C-6B33-F257-0122-188224501D10}.Release|Any CPU.Build.0 = Release|Any CPU
		{4C8FCC78-0659-8EDE-FCCF-70EE4944A271}.Debug|Any CPU.ActiveCfg = Debug|Any CPU
		{4C8FCC78-0659-8EDE-FCCF-70EE4944A271}.Debug|Any CPU.Build.0 = Debug|Any CPU
		{4C8FCC78-0659-8EDE-FCCF-70EE4944A271}.Release|Any CPU.ActiveCfg = Release|Any CPU
		{4C8FCC78-0659-8EDE-FCCF-70EE4944A271}.Release|Any CPU.Build.0 = Release|Any CPU
		{F57BB4E4-1533-F672-ECC3-F9BFC90CD8BB}.Debug|Any CPU.ActiveCfg = Debug|Any CPU
		{F57BB4E4-1533-F672-ECC3-F9BFC90CD8BB}.Debug|Any CPU.Build.0 = Debug|Any CPU
		{F57BB4E4-1533-F672-ECC3-F9BFC90CD8BB}.Release|Any CPU.ActiveCfg = Release|Any CPU
		{F57BB4E4-1533-F672-ECC3-F9BFC90CD8BB}.Release|Any CPU.Build.0 = Release|Any CPU
		{1B1EAE74-1019-115D-C79E-BBC675B8174B}.Debug|Any CPU.ActiveCfg = Debug|Any CPU
		{1B1EAE74-1019-115D-C79E-BBC675B8174B}.Debug|Any CPU.Build.0 = Debug|Any CPU
		{1B1EAE74-1019-115D-C79E-BBC675B8174B}.Release|Any CPU.ActiveCfg = Release|Any CPU
		{1B1EAE74-1019-115D-C79E-BBC675B8174B}.Release|Any CPU.Build.0 = Release|Any CPU
		{766FF4FF-BA2F-1D0F-28AD-0C5F4AA7E6A1}.Debug|Any CPU.ActiveCfg = Debug|Any CPU
		{766FF4FF-BA2F-1D0F-28AD-0C5F4AA7E6A1}.Debug|Any CPU.Build.0 = Debug|Any CPU
		{766FF4FF-BA2F-1D0F-28AD-0C5F4AA7E6A1}.Release|Any CPU.ActiveCfg = Release|Any CPU
		{766FF4FF-BA2F-1D0F-28AD-0C5F4AA7E6A1}.Release|Any CPU.Build.0 = Release|Any CPU
		{E2A5BC42-7126-DA7A-2C2B-D4ADF18A999E}.Debug|Any CPU.ActiveCfg = Debug|Any CPU
		{E2A5BC42-7126-DA7A-2C2B-D4ADF18A999E}.Debug|Any CPU.Build.0 = Debug|Any CPU
		{E2A5BC42-7126-DA7A-2C2B-D4ADF18A999E}.Release|Any CPU.ActiveCfg = Release|Any CPU
		{E2A5BC42-7126-DA7A-2C2B-D4ADF18A999E}.Release|Any CPU.Build.0 = Release|Any CPU
		{4FDE9BC2-D175-00E9-61FD-4B360426978A}.Debug|Any CPU.ActiveCfg = Debug|Any CPU
		{4FDE9BC2-D175-00E9-61FD-4B360426978A}.Debug|Any CPU.Build.0 = Debug|Any CPU
		{4FDE9BC2-D175-00E9-61FD-4B360426978A}.Release|Any CPU.ActiveCfg = Release|Any CPU
		{4FDE9BC2-D175-00E9-61FD-4B360426978A}.Release|Any CPU.Build.0 = Release|Any CPU
		{90F20985-E205-E9DC-B7CA-D1814A23C47E}.Debug|Any CPU.ActiveCfg = Debug|Any CPU
		{90F20985-E205-E9DC-B7CA-D1814A23C47E}.Debug|Any CPU.Build.0 = Debug|Any CPU
		{90F20985-E205-E9DC-B7CA-D1814A23C47E}.Release|Any CPU.ActiveCfg = Release|Any CPU
		{90F20985-E205-E9DC-B7CA-D1814A23C47E}.Release|Any CPU.Build.0 = Release|Any CPU
		{409D42CB-7F3D-AC28-5146-DBAB8BB91E80}.Debug|Any CPU.ActiveCfg = Debug|Any CPU
		{409D42CB-7F3D-AC28-5146-DBAB8BB91E80}.Debug|Any CPU.Build.0 = Debug|Any CPU
		{409D42CB-7F3D-AC28-5146-DBAB8BB91E80}.Release|Any CPU.ActiveCfg = Release|Any CPU
		{409D42CB-7F3D-AC28-5146-DBAB8BB91E80}.Release|Any CPU.Build.0 = Release|Any CPU
		{A0A75180-A1CD-4F47-C6C8-DA14BE918C3C}.Debug|Any CPU.ActiveCfg = Debug|Any CPU
		{A0A75180-A1CD-4F47-C6C8-DA14BE918C3C}.Debug|Any CPU.Build.0 = Debug|Any CPU
		{A0A75180-A1CD-4F47-C6C8-DA14BE918C3C}.Release|Any CPU.ActiveCfg = Release|Any CPU
		{A0A75180-A1CD-4F47-C6C8-DA14BE918C3C}.Release|Any CPU.Build.0 = Release|Any CPU
		{5A0C8E80-639F-A1B9-617E-59D4E5887E02}.Debug|Any CPU.ActiveCfg = Debug|Any CPU
		{5A0C8E80-639F-A1B9-617E-59D4E5887E02}.Debug|Any CPU.Build.0 = Debug|Any CPU
		{5A0C8E80-639F-A1B9-617E-59D4E5887E02}.Release|Any CPU.ActiveCfg = Release|Any CPU
		{5A0C8E80-639F-A1B9-617E-59D4E5887E02}.Release|Any CPU.Build.0 = Release|Any CPU
		{AE5DC2A5-79CE-3EE4-79BA-C82BEAAC998D}.Debug|Any CPU.ActiveCfg = Debug|Any CPU
		{AE5DC2A5-79CE-3EE4-79BA-C82BEAAC998D}.Debug|Any CPU.Build.0 = Debug|Any CPU
		{AE5DC2A5-79CE-3EE4-79BA-C82BEAAC998D}.Release|Any CPU.ActiveCfg = Release|Any CPU
		{AE5DC2A5-79CE-3EE4-79BA-C82BEAAC998D}.Release|Any CPU.Build.0 = Release|Any CPU
		{FDFD11DE-8EC4-02BC-9BB5-4540A3B324C9}.Debug|Any CPU.ActiveCfg = Debug|Any CPU
		{FDFD11DE-8EC4-02BC-9BB5-4540A3B324C9}.Debug|Any CPU.Build.0 = Debug|Any CPU
		{FDFD11DE-8EC4-02BC-9BB5-4540A3B324C9}.Release|Any CPU.ActiveCfg = Release|Any CPU
		{FDFD11DE-8EC4-02BC-9BB5-4540A3B324C9}.Release|Any CPU.Build.0 = Release|Any CPU
		{AA08DCD6-FBE1-03C4-D741-635E2B594910}.Debug|Any CPU.ActiveCfg = Debug|Any CPU
		{AA08DCD6-FBE1-03C4-D741-635E2B594910}.Debug|Any CPU.Build.0 = Debug|Any CPU
		{AA08DCD6-FBE1-03C4-D741-635E2B594910}.Release|Any CPU.ActiveCfg = Release|Any CPU
		{AA08DCD6-FBE1-03C4-D741-635E2B594910}.Release|Any CPU.Build.0 = Release|Any CPU
		{67176610-0264-EA11-E32D-3C1CCB722255}.Debug|Any CPU.ActiveCfg = Debug|Any CPU
		{67176610-0264-EA11-E32D-3C1CCB722255}.Debug|Any CPU.Build.0 = Debug|Any CPU
		{67176610-0264-EA11-E32D-3C1CCB722255}.Release|Any CPU.ActiveCfg = Release|Any CPU
		{67176610-0264-EA11-E32D-3C1CCB722255}.Release|Any CPU.Build.0 = Release|Any CPU
		{DD49112F-A755-4BFC-EC32-9249EF56B86C}.Debug|Any CPU.ActiveCfg = Debug|Any CPU
		{DD49112F-A755-4BFC-EC32-9249EF56B86C}.Debug|Any CPU.Build.0 = Debug|Any CPU
		{DD49112F-A755-4BFC-EC32-9249EF56B86C}.Release|Any CPU.ActiveCfg = Release|Any CPU
		{DD49112F-A755-4BFC-EC32-9249EF56B86C}.Release|Any CPU.Build.0 = Release|Any CPU
		{88176097-7B3D-6C97-EF11-8912097902E2}.Debug|Any CPU.ActiveCfg = Debug|Any CPU
		{88176097-7B3D-6C97-EF11-8912097902E2}.Debug|Any CPU.Build.0 = Debug|Any CPU
		{88176097-7B3D-6C97-EF11-8912097902E2}.Release|Any CPU.ActiveCfg = Release|Any CPU
		{88176097-7B3D-6C97-EF11-8912097902E2}.Release|Any CPU.Build.0 = Release|Any CPU
		{4A90D2AF-3EF7-0EF9-D858-184F8925E007}.Debug|Any CPU.ActiveCfg = Debug|Any CPU
		{4A90D2AF-3EF7-0EF9-D858-184F8925E007}.Debug|Any CPU.Build.0 = Debug|Any CPU
		{4A90D2AF-3EF7-0EF9-D858-184F8925E007}.Release|Any CPU.ActiveCfg = Release|Any CPU
		{4A90D2AF-3EF7-0EF9-D858-184F8925E007}.Release|Any CPU.Build.0 = Release|Any CPU
		{5124209A-8D95-F6E4-16C6-05CB1B772ECB}.Debug|Any CPU.ActiveCfg = Debug|Any CPU
		{5124209A-8D95-F6E4-16C6-05CB1B772ECB}.Debug|Any CPU.Build.0 = Debug|Any CPU
		{5124209A-8D95-F6E4-16C6-05CB1B772ECB}.Release|Any CPU.ActiveCfg = Release|Any CPU
		{5124209A-8D95-F6E4-16C6-05CB1B772ECB}.Release|Any CPU.Build.0 = Release|Any CPU
		{5966C4FF-C98A-6505-CB11-6F180111890F}.Debug|Any CPU.ActiveCfg = Debug|Any CPU
		{5966C4FF-C98A-6505-CB11-6F180111890F}.Debug|Any CPU.Build.0 = Debug|Any CPU
		{5966C4FF-C98A-6505-CB11-6F180111890F}.Release|Any CPU.ActiveCfg = Release|Any CPU
		{5966C4FF-C98A-6505-CB11-6F180111890F}.Release|Any CPU.Build.0 = Release|Any CPU
		{86D3C807-528C-B666-9431-BFE95AC93CF8}.Debug|Any CPU.ActiveCfg = Debug|Any CPU
		{86D3C807-528C-B666-9431-BFE95AC93CF8}.Debug|Any CPU.Build.0 = Debug|Any CPU
		{86D3C807-528C-B666-9431-BFE95AC93CF8}.Release|Any CPU.ActiveCfg = Release|Any CPU
		{86D3C807-528C-B666-9431-BFE95AC93CF8}.Release|Any CPU.Build.0 = Release|Any CPU
		{D4CCBE07-BAE6-7D5F-F3E7-B845FCCB5BD7}.Debug|Any CPU.ActiveCfg = Debug|Any CPU
		{D4CCBE07-BAE6-7D5F-F3E7-B845FCCB5BD7}.Debug|Any CPU.Build.0 = Debug|Any CPU
		{D4CCBE07-BAE6-7D5F-F3E7-B845FCCB5BD7}.Release|Any CPU.ActiveCfg = Release|Any CPU
		{D4CCBE07-BAE6-7D5F-F3E7-B845FCCB5BD7}.Release|Any CPU.Build.0 = Release|Any CPU
		{EDC9F811-09DC-2643-DC64-05C21E98E1D2}.Debug|Any CPU.ActiveCfg = Debug|Any CPU
		{EDC9F811-09DC-2643-DC64-05C21E98E1D2}.Debug|Any CPU.Build.0 = Debug|Any CPU
		{EDC9F811-09DC-2643-DC64-05C21E98E1D2}.Release|Any CPU.ActiveCfg = Release|Any CPU
		{EDC9F811-09DC-2643-DC64-05C21E98E1D2}.Release|Any CPU.Build.0 = Release|Any CPU
		{9681BBBB-2188-21B6-1979-3FB94CDA315F}.Debug|Any CPU.ActiveCfg = Debug|Any CPU
		{9681BBBB-2188-21B6-1979-3FB94CDA315F}.Debug|Any CPU.Build.0 = Debug|Any CPU
		{9681BBBB-2188-21B6-1979-3FB94CDA315F}.Release|Any CPU.ActiveCfg = Release|Any CPU
		{9681BBBB-2188-21B6-1979-3FB94CDA315F}.Release|Any CPU.Build.0 = Release|Any CPU
		{58DEBB0F-6D2D-92B1-71A3-89A4B16B7732}.Debug|Any CPU.ActiveCfg = Debug|Any CPU
		{58DEBB0F-6D2D-92B1-71A3-89A4B16B7732}.Debug|Any CPU.Build.0 = Debug|Any CPU
		{58DEBB0F-6D2D-92B1-71A3-89A4B16B7732}.Release|Any CPU.ActiveCfg = Release|Any CPU
		{58DEBB0F-6D2D-92B1-71A3-89A4B16B7732}.Release|Any CPU.Build.0 = Release|Any CPU
		{A540D35D-D999-E535-6AAA-D8B9DC0FC105}.Debug|Any CPU.ActiveCfg = Debug|Any CPU
		{A540D35D-D999-E535-6AAA-D8B9DC0FC105}.Debug|Any CPU.Build.0 = Debug|Any CPU
		{A540D35D-D999-E535-6AAA-D8B9DC0FC105}.Release|Any CPU.ActiveCfg = Release|Any CPU
		{A540D35D-D999-E535-6AAA-D8B9DC0FC105}.Release|Any CPU.Build.0 = Release|Any CPU
		{40089DCE-7029-82BB-BD6A-9F0C30E7FC18}.Debug|Any CPU.ActiveCfg = Debug|Any CPU
		{40089DCE-7029-82BB-BD6A-9F0C30E7FC18}.Debug|Any CPU.Build.0 = Debug|Any CPU
		{40089DCE-7029-82BB-BD6A-9F0C30E7FC18}.Release|Any CPU.ActiveCfg = Release|Any CPU
		{40089DCE-7029-82BB-BD6A-9F0C30E7FC18}.Release|Any CPU.Build.0 = Release|Any CPU
		{02BD8914-3589-1AEB-8E50-BEF171D7832C}.Debug|Any CPU.ActiveCfg = Debug|Any CPU
		{02BD8914-3589-1AEB-8E50-BEF171D7832C}.Debug|Any CPU.Build.0 = Debug|Any CPU
		{02BD8914-3589-1AEB-8E50-BEF171D7832C}.Release|Any CPU.ActiveCfg = Release|Any CPU
		{02BD8914-3589-1AEB-8E50-BEF171D7832C}.Release|Any CPU.Build.0 = Release|Any CPU
		{F30FF8EA-BE3C-408F-C1A3-2610454DBFBC}.Debug|Any CPU.ActiveCfg = Debug|Any CPU
		{F30FF8EA-BE3C-408F-C1A3-2610454DBFBC}.Debug|Any CPU.Build.0 = Debug|Any CPU
		{F30FF8EA-BE3C-408F-C1A3-2610454DBFBC}.Release|Any CPU.ActiveCfg = Release|Any CPU
		{F30FF8EA-BE3C-408F-C1A3-2610454DBFBC}.Release|Any CPU.Build.0 = Release|Any CPU
		{C55CBD25-540C-40E2-17F1-FF89CDFEA2AA}.Debug|Any CPU.ActiveCfg = Debug|Any CPU
		{C55CBD25-540C-40E2-17F1-FF89CDFEA2AA}.Debug|Any CPU.Build.0 = Debug|Any CPU
		{C55CBD25-540C-40E2-17F1-FF89CDFEA2AA}.Release|Any CPU.ActiveCfg = Release|Any CPU
		{C55CBD25-540C-40E2-17F1-FF89CDFEA2AA}.Release|Any CPU.Build.0 = Release|Any CPU
		{42DF51A6-5F73-C5C2-EDBC-1DC6ACCBCBB0}.Debug|Any CPU.ActiveCfg = Debug|Any CPU
		{42DF51A6-5F73-C5C2-EDBC-1DC6ACCBCBB0}.Debug|Any CPU.Build.0 = Debug|Any CPU
		{42DF51A6-5F73-C5C2-EDBC-1DC6ACCBCBB0}.Release|Any CPU.ActiveCfg = Release|Any CPU
		{42DF51A6-5F73-C5C2-EDBC-1DC6ACCBCBB0}.Release|Any CPU.Build.0 = Release|Any CPU
		{33B1812D-BD5B-0E5B-60C3-58E07B424524}.Debug|Any CPU.ActiveCfg = Debug|Any CPU
		{33B1812D-BD5B-0E5B-60C3-58E07B424524}.Debug|Any CPU.Build.0 = Debug|Any CPU
		{33B1812D-BD5B-0E5B-60C3-58E07B424524}.Release|Any CPU.ActiveCfg = Release|Any CPU
		{33B1812D-BD5B-0E5B-60C3-58E07B424524}.Release|Any CPU.Build.0 = Release|Any CPU
		{779A12E9-8C0D-6BB9-1C3F-822DC311D2FF}.Debug|Any CPU.ActiveCfg = Debug|Any CPU
		{779A12E9-8C0D-6BB9-1C3F-822DC311D2FF}.Debug|Any CPU.Build.0 = Debug|Any CPU
		{779A12E9-8C0D-6BB9-1C3F-822DC311D2FF}.Release|Any CPU.ActiveCfg = Release|Any CPU
		{779A12E9-8C0D-6BB9-1C3F-822DC311D2FF}.Release|Any CPU.Build.0 = Release|Any CPU
		{14A178F2-9F4F-3651-D818-2F8D77E495DD}.Debug|Any CPU.ActiveCfg = Debug|Any CPU
		{14A178F2-9F4F-3651-D818-2F8D77E495DD}.Debug|Any CPU.Build.0 = Debug|Any CPU
		{14A178F2-9F4F-3651-D818-2F8D77E495DD}.Release|Any CPU.ActiveCfg = Release|Any CPU
		{14A178F2-9F4F-3651-D818-2F8D77E495DD}.Release|Any CPU.Build.0 = Release|Any CPU
		{F0CF3AC7-7803-BF03-4AEF-16892F7973C6}.Debug|Any CPU.ActiveCfg = Debug|Any CPU
		{F0CF3AC7-7803-BF03-4AEF-16892F7973C6}.Debug|Any CPU.Build.0 = Debug|Any CPU
		{F0CF3AC7-7803-BF03-4AEF-16892F7973C6}.Release|Any CPU.ActiveCfg = Release|Any CPU
		{F0CF3AC7-7803-BF03-4AEF-16892F7973C6}.Release|Any CPU.Build.0 = Release|Any CPU
		{4715CCC1-5CAF-2F4E-7E3D-7C7CC984EBC9}.Debug|Any CPU.ActiveCfg = Debug|Any CPU
		{4715CCC1-5CAF-2F4E-7E3D-7C7CC984EBC9}.Debug|Any CPU.Build.0 = Debug|Any CPU
		{4715CCC1-5CAF-2F4E-7E3D-7C7CC984EBC9}.Release|Any CPU.ActiveCfg = Release|Any CPU
		{4715CCC1-5CAF-2F4E-7E3D-7C7CC984EBC9}.Release|Any CPU.Build.0 = Release|Any CPU
		{D778101E-9CC7-0084-C2C8-3E5C23893BC9}.Debug|Any CPU.ActiveCfg = Debug|Any CPU
		{D778101E-9CC7-0084-C2C8-3E5C23893BC9}.Debug|Any CPU.Build.0 = Debug|Any CPU
		{D778101E-9CC7-0084-C2C8-3E5C23893BC9}.Release|Any CPU.ActiveCfg = Release|Any CPU
		{D778101E-9CC7-0084-C2C8-3E5C23893BC9}.Release|Any CPU.Build.0 = Release|Any CPU
		{DE11009C-044D-94D2-AFFA-4E4C1142CE81}.Debug|Any CPU.ActiveCfg = Debug|Any CPU
		{DE11009C-044D-94D2-AFFA-4E4C1142CE81}.Debug|Any CPU.Build.0 = Debug|Any CPU
		{DE11009C-044D-94D2-AFFA-4E4C1142CE81}.Release|Any CPU.ActiveCfg = Release|Any CPU
		{DE11009C-044D-94D2-AFFA-4E4C1142CE81}.Release|Any CPU.Build.0 = Release|Any CPU
		{46E2DA8F-BC47-C32F-2D84-4E2B02D3F1BD}.Debug|Any CPU.ActiveCfg = Debug|Any CPU
		{46E2DA8F-BC47-C32F-2D84-4E2B02D3F1BD}.Debug|Any CPU.Build.0 = Debug|Any CPU
		{46E2DA8F-BC47-C32F-2D84-4E2B02D3F1BD}.Release|Any CPU.ActiveCfg = Release|Any CPU
		{46E2DA8F-BC47-C32F-2D84-4E2B02D3F1BD}.Release|Any CPU.Build.0 = Release|Any CPU
		{77935AB6-1B98-536B-1402-3AF5B3F20521}.Debug|Any CPU.ActiveCfg = Debug|Any CPU
		{77935AB6-1B98-536B-1402-3AF5B3F20521}.Debug|Any CPU.Build.0 = Debug|Any CPU
		{77935AB6-1B98-536B-1402-3AF5B3F20521}.Release|Any CPU.ActiveCfg = Release|Any CPU
		{77935AB6-1B98-536B-1402-3AF5B3F20521}.Release|Any CPU.Build.0 = Release|Any CPU
		{8BDB60B1-5B69-7B1C-8493-059306BD0E64}.Debug|Any CPU.ActiveCfg = Debug|Any CPU
		{8BDB60B1-5B69-7B1C-8493-059306BD0E64}.Debug|Any CPU.Build.0 = Debug|Any CPU
		{8BDB60B1-5B69-7B1C-8493-059306BD0E64}.Release|Any CPU.ActiveCfg = Release|Any CPU
		{8BDB60B1-5B69-7B1C-8493-059306BD0E64}.Release|Any CPU.Build.0 = Release|Any CPU
		{9FD5824B-424A-49BB-F4E3-705289959EB4}.Debug|Any CPU.ActiveCfg = Debug|Any CPU
		{9FD5824B-424A-49BB-F4E3-705289959EB4}.Debug|Any CPU.Build.0 = Debug|Any CPU
		{9FD5824B-424A-49BB-F4E3-705289959EB4}.Release|Any CPU.ActiveCfg = Release|Any CPU
		{9FD5824B-424A-49BB-F4E3-705289959EB4}.Release|Any CPU.Build.0 = Release|Any CPU
		{C6883B52-E0A3-9CA7-51E2-CAD17825B9D0}.Debug|Any CPU.ActiveCfg = Debug|Any CPU
		{C6883B52-E0A3-9CA7-51E2-CAD17825B9D0}.Debug|Any CPU.Build.0 = Debug|Any CPU
		{C6883B52-E0A3-9CA7-51E2-CAD17825B9D0}.Release|Any CPU.ActiveCfg = Release|Any CPU
		{C6883B52-E0A3-9CA7-51E2-CAD17825B9D0}.Release|Any CPU.Build.0 = Release|Any CPU
		{8C0B3D5A-71F4-550B-61DE-368DE217FFDB}.Debug|Any CPU.ActiveCfg = Debug|Any CPU
		{8C0B3D5A-71F4-550B-61DE-368DE217FFDB}.Debug|Any CPU.Build.0 = Debug|Any CPU
		{8C0B3D5A-71F4-550B-61DE-368DE217FFDB}.Release|Any CPU.ActiveCfg = Release|Any CPU
		{8C0B3D5A-71F4-550B-61DE-368DE217FFDB}.Release|Any CPU.Build.0 = Release|Any CPU
		{3957503D-78FC-D3E2-1C50-46F26600E256}.Debug|Any CPU.ActiveCfg = Debug|Any CPU
		{3957503D-78FC-D3E2-1C50-46F26600E256}.Debug|Any CPU.Build.0 = Debug|Any CPU
		{3957503D-78FC-D3E2-1C50-46F26600E256}.Release|Any CPU.ActiveCfg = Release|Any CPU
		{3957503D-78FC-D3E2-1C50-46F26600E256}.Release|Any CPU.Build.0 = Release|Any CPU
		{315D399C-A613-6AEC-5872-6894DCED2494}.Debug|Any CPU.ActiveCfg = Debug|Any CPU
		{315D399C-A613-6AEC-5872-6894DCED2494}.Debug|Any CPU.Build.0 = Debug|Any CPU
		{315D399C-A613-6AEC-5872-6894DCED2494}.Release|Any CPU.ActiveCfg = Release|Any CPU
		{315D399C-A613-6AEC-5872-6894DCED2494}.Release|Any CPU.Build.0 = Release|Any CPU
		{39E27C89-68E2-CD03-D075-7560A62C852A}.Debug|Any CPU.ActiveCfg = Debug|Any CPU
		{39E27C89-68E2-CD03-D075-7560A62C852A}.Debug|Any CPU.Build.0 = Debug|Any CPU
		{39E27C89-68E2-CD03-D075-7560A62C852A}.Release|Any CPU.ActiveCfg = Release|Any CPU
		{39E27C89-68E2-CD03-D075-7560A62C852A}.Release|Any CPU.Build.0 = Release|Any CPU
		{730A956B-1018-7204-EE5F-D91FA6B9706B}.Debug|Any CPU.ActiveCfg = Debug|Any CPU
		{730A956B-1018-7204-EE5F-D91FA6B9706B}.Debug|Any CPU.Build.0 = Debug|Any CPU
		{730A956B-1018-7204-EE5F-D91FA6B9706B}.Release|Any CPU.ActiveCfg = Release|Any CPU
		{730A956B-1018-7204-EE5F-D91FA6B9706B}.Release|Any CPU.Build.0 = Release|Any CPU
		{5D8DDFA4-0252-A095-9647-9A3E228AFAB1}.Debug|Any CPU.ActiveCfg = Debug|Any CPU
		{5D8DDFA4-0252-A095-9647-9A3E228AFAB1}.Debug|Any CPU.Build.0 = Debug|Any CPU
		{5D8DDFA4-0252-A095-9647-9A3E228AFAB1}.Release|Any CPU.ActiveCfg = Release|Any CPU
		{5D8DDFA4-0252-A095-9647-9A3E228AFAB1}.Release|Any CPU.Build.0 = Release|Any CPU
		{64F74260-288C-E355-081B-7C4BB5477F8D}.Debug|Any CPU.ActiveCfg = Debug|Any CPU
		{64F74260-288C-E355-081B-7C4BB5477F8D}.Debug|Any CPU.Build.0 = Debug|Any CPU
		{64F74260-288C-E355-081B-7C4BB5477F8D}.Release|Any CPU.ActiveCfg = Release|Any CPU
		{64F74260-288C-E355-081B-7C4BB5477F8D}.Release|Any CPU.Build.0 = Release|Any CPU
		{4991EC86-0DA5-D1EB-C594-668E520F3F40}.Debug|Any CPU.ActiveCfg = Debug|Any CPU
		{4991EC86-0DA5-D1EB-C594-668E520F3F40}.Debug|Any CPU.Build.0 = Debug|Any CPU
		{4991EC86-0DA5-D1EB-C594-668E520F3F40}.Release|Any CPU.ActiveCfg = Release|Any CPU
		{4991EC86-0DA5-D1EB-C594-668E520F3F40}.Release|Any CPU.Build.0 = Release|Any CPU
		{E4EF9BA2-8731-3B23-9614-C3468697FC14}.Debug|Any CPU.ActiveCfg = Debug|Any CPU
		{E4EF9BA2-8731-3B23-9614-C3468697FC14}.Debug|Any CPU.Build.0 = Debug|Any CPU
		{E4EF9BA2-8731-3B23-9614-C3468697FC14}.Release|Any CPU.ActiveCfg = Release|Any CPU
		{E4EF9BA2-8731-3B23-9614-C3468697FC14}.Release|Any CPU.Build.0 = Release|Any CPU
		{A35ECC0B-0133-4F43-1CA4-FEB1B3D35044}.Debug|Any CPU.ActiveCfg = Debug|Any CPU
		{A35ECC0B-0133-4F43-1CA4-FEB1B3D35044}.Debug|Any CPU.Build.0 = Debug|Any CPU
		{A35ECC0B-0133-4F43-1CA4-FEB1B3D35044}.Release|Any CPU.ActiveCfg = Release|Any CPU
		{A35ECC0B-0133-4F43-1CA4-FEB1B3D35044}.Release|Any CPU.Build.0 = Release|Any CPU
		{724766A3-E7BA-5DBE-E0CC-36332CF17844}.Debug|Any CPU.ActiveCfg = Debug|Any CPU
		{724766A3-E7BA-5DBE-E0CC-36332CF17844}.Debug|Any CPU.Build.0 = Debug|Any CPU
		{724766A3-E7BA-5DBE-E0CC-36332CF17844}.Release|Any CPU.ActiveCfg = Release|Any CPU
		{724766A3-E7BA-5DBE-E0CC-36332CF17844}.Release|Any CPU.Build.0 = Release|Any CPU
		{F3F54C09-A3D6-F908-46ED-EB64FDF7B617}.Debug|Any CPU.ActiveCfg = Debug|Any CPU
		{F3F54C09-A3D6-F908-46ED-EB64FDF7B617}.Debug|Any CPU.Build.0 = Debug|Any CPU
		{F3F54C09-A3D6-F908-46ED-EB64FDF7B617}.Release|Any CPU.ActiveCfg = Release|Any CPU
		{F3F54C09-A3D6-F908-46ED-EB64FDF7B617}.Release|Any CPU.Build.0 = Release|Any CPU
		{497F236E-1599-68E0-587B-4189062DC99A}.Debug|Any CPU.ActiveCfg = Debug|Any CPU
		{497F236E-1599-68E0-587B-4189062DC99A}.Debug|Any CPU.Build.0 = Debug|Any CPU
		{497F236E-1599-68E0-587B-4189062DC99A}.Release|Any CPU.ActiveCfg = Release|Any CPU
		{497F236E-1599-68E0-587B-4189062DC99A}.Release|Any CPU.Build.0 = Release|Any CPU
		{8622634C-9479-54E2-15BC-E385DC8E6917}.Debug|Any CPU.ActiveCfg = Debug|Any CPU
		{8622634C-9479-54E2-15BC-E385DC8E6917}.Debug|Any CPU.Build.0 = Debug|Any CPU
		{8622634C-9479-54E2-15BC-E385DC8E6917}.Release|Any CPU.ActiveCfg = Release|Any CPU
		{8622634C-9479-54E2-15BC-E385DC8E6917}.Release|Any CPU.Build.0 = Release|Any CPU
		{783BBE65-5A23-0A0D-CEA1-75E0E4A9512A}.Debug|Any CPU.ActiveCfg = Debug|Any CPU
		{783BBE65-5A23-0A0D-CEA1-75E0E4A9512A}.Debug|Any CPU.Build.0 = Debug|Any CPU
		{783BBE65-5A23-0A0D-CEA1-75E0E4A9512A}.Release|Any CPU.ActiveCfg = Release|Any CPU
		{783BBE65-5A23-0A0D-CEA1-75E0E4A9512A}.Release|Any CPU.Build.0 = Release|Any CPU
		{6CB713B9-DDB2-7FD1-AA82-655FCFFFEE54}.Debug|Any CPU.ActiveCfg = Debug|Any CPU
		{6CB713B9-DDB2-7FD1-AA82-655FCFFFEE54}.Debug|Any CPU.Build.0 = Debug|Any CPU
		{6CB713B9-DDB2-7FD1-AA82-655FCFFFEE54}.Release|Any CPU.ActiveCfg = Release|Any CPU
		{6CB713B9-DDB2-7FD1-AA82-655FCFFFEE54}.Release|Any CPU.Build.0 = Release|Any CPU
		{97EA364E-F2D6-535E-1859-0CA40CB05D97}.Debug|Any CPU.ActiveCfg = Debug|Any CPU
		{97EA364E-F2D6-535E-1859-0CA40CB05D97}.Debug|Any CPU.Build.0 = Debug|Any CPU
		{97EA364E-F2D6-535E-1859-0CA40CB05D97}.Release|Any CPU.ActiveCfg = Release|Any CPU
		{97EA364E-F2D6-535E-1859-0CA40CB05D97}.Release|Any CPU.Build.0 = Release|Any CPU
		{C11E6C96-CEE7-1C8E-8125-5CE442299313}.Debug|Any CPU.ActiveCfg = Debug|Any CPU
		{C11E6C96-CEE7-1C8E-8125-5CE442299313}.Debug|Any CPU.Build.0 = Debug|Any CPU
		{C11E6C96-CEE7-1C8E-8125-5CE442299313}.Release|Any CPU.ActiveCfg = Release|Any CPU
		{C11E6C96-CEE7-1C8E-8125-5CE442299313}.Release|Any CPU.Build.0 = Release|Any CPU
		{2ACAAB24-DF58-1335-2594-2C64AB38C524}.Debug|Any CPU.ActiveCfg = Debug|Any CPU
		{2ACAAB24-DF58-1335-2594-2C64AB38C524}.Debug|Any CPU.Build.0 = Debug|Any CPU
		{2ACAAB24-DF58-1335-2594-2C64AB38C524}.Release|Any CPU.ActiveCfg = Release|Any CPU
		{2ACAAB24-DF58-1335-2594-2C64AB38C524}.Release|Any CPU.Build.0 = Release|Any CPU
		{428D1074-5D63-82B7-3F3A-044B8A6585B5}.Debug|Any CPU.ActiveCfg = Debug|Any CPU
		{428D1074-5D63-82B7-3F3A-044B8A6585B5}.Debug|Any CPU.Build.0 = Debug|Any CPU
		{428D1074-5D63-82B7-3F3A-044B8A6585B5}.Release|Any CPU.ActiveCfg = Release|Any CPU
		{428D1074-5D63-82B7-3F3A-044B8A6585B5}.Release|Any CPU.Build.0 = Release|Any CPU
		{A92B564A-2BF0-3241-CDDC-03621868D730}.Debug|Any CPU.ActiveCfg = Debug|Any CPU
		{A92B564A-2BF0-3241-CDDC-03621868D730}.Debug|Any CPU.Build.0 = Debug|Any CPU
		{A92B564A-2BF0-3241-CDDC-03621868D730}.Release|Any CPU.ActiveCfg = Release|Any CPU
		{A92B564A-2BF0-3241-CDDC-03621868D730}.Release|Any CPU.Build.0 = Release|Any CPU
		{6336059D-3793-737B-51E2-E9F92775E0B8}.Debug|Any CPU.ActiveCfg = Debug|Any CPU
		{6336059D-3793-737B-51E2-E9F92775E0B8}.Debug|Any CPU.Build.0 = Debug|Any CPU
		{6336059D-3793-737B-51E2-E9F92775E0B8}.Release|Any CPU.ActiveCfg = Release|Any CPU
		{6336059D-3793-737B-51E2-E9F92775E0B8}.Release|Any CPU.Build.0 = Release|Any CPU
		{98415140-9488-70FC-2BA3-05BEEB95B3A1}.Debug|Any CPU.ActiveCfg = Debug|Any CPU
		{98415140-9488-70FC-2BA3-05BEEB95B3A1}.Debug|Any CPU.Build.0 = Debug|Any CPU
		{98415140-9488-70FC-2BA3-05BEEB95B3A1}.Release|Any CPU.ActiveCfg = Release|Any CPU
		{98415140-9488-70FC-2BA3-05BEEB95B3A1}.Release|Any CPU.Build.0 = Release|Any CPU
		{C88F2F86-E649-2788-718D-7A6C66A35E3D}.Debug|Any CPU.ActiveCfg = Debug|Any CPU
		{C88F2F86-E649-2788-718D-7A6C66A35E3D}.Debug|Any CPU.Build.0 = Debug|Any CPU
		{C88F2F86-E649-2788-718D-7A6C66A35E3D}.Release|Any CPU.ActiveCfg = Release|Any CPU
		{C88F2F86-E649-2788-718D-7A6C66A35E3D}.Release|Any CPU.Build.0 = Release|Any CPU
	EndGlobalSection
	GlobalSection(SolutionProperties) = preSolution
		HideSolutionNode = FALSE
	EndGlobalSection
EndGlobal
